
Microsoft Visual Studio Solution File, Format Version 12.00
# Visual Studio 15
VisualStudioVersion = 15.0.28307.421
MinimumVisualStudioVersion = 10.0.40219.1
Project("{9A19103F-16F7-4668-BE54-9A1E7A4F7556}") = "BeatGuard.Uploader", "BeatGuard.Uploader\BeatGuard.Uploader.csproj", "{B2DD23B5-DF99-4E0D-BDED-29131976F5F6}"
EndProject
Global
	GlobalSection(SolutionConfigurationPlatforms) = preSolution
		Debug|Any CPU = Debug|Any CPU
		Release|Any CPU = Release|Any CPU
	EndGlobalSection
	GlobalSection(ProjectConfigurationPlatforms) = postSolution
		{B2DD23B5-DF99-4E0D-BDED-29131976F5F6}.Debug|Any CPU.ActiveCfg = Debug|Any CPU
		{B2DD23B5-DF99-4E0D-BDED-29131976F5F6}.Debug|Any CPU.Build.0 = Debug|Any CPU
		{B2DD23B5-DF99-4E0D-BDED-29131976F5F6}.Release|Any CPU.ActiveCfg = Release|Any CPU
		{B2DD23B5-DF99-4E0D-BDED-29131976F5F6}.Release|Any CPU.Build.0 = Release|Any CPU
	EndGlobalSection
	GlobalSection(SolutionProperties) = preSolution
		HideSolutionNode = FALSE
	EndGlobalSection
	GlobalSection(ExtensibilityGlobals) = postSolution
		SolutionGuid = {0CAB27C0-0529-4CC1-A980-9B8B89BFB9D6}
	EndGlobalSection
EndGlobal
